
Microsoft Visual Studio Solution File, Format Version 12.00
# Visual Studio Version 17
VisualStudioVersion = 17.5.2.0
MinimumVisualStudioVersion = 10.0.40219.1
Project("{FAE04EC0-301F-11D3-BF4B-00C04F79EFBC}") = "PrintCraftApi", "PrintCraftApi\PrintCraftApi.csproj", "{BB8F97F7-B5C1-3EEF-B639-061A3F1C32BF}"
EndProject
Project("{FAE04EC0-301F-11D3-BF4B-00C04F79EFBC}") = "PrintCraftApi.Tests", "PrintCraftApi.Tests\PrintCraftApi.Tests.csproj", "{17FDDDBE-3141-4206-99A4-AD4DED28E8A0}"
EndProject
Global
	GlobalSection(SolutionConfigurationPlatforms) = preSolution
		Debug|Any CPU = Debug|Any CPU
		Debug|x64 = Debug|x64
		Debug|x86 = Debug|x86
		Release|Any CPU = Release|Any CPU
		Release|x64 = Release|x64
		Release|x86 = Release|x86
	EndGlobalSection
	GlobalSection(ProjectConfigurationPlatforms) = postSolution
		{BB8F97F7-B5C1-3EEF-B639-061A3F1C32BF}.Debug|Any CPU.ActiveCfg = Debug|Any CPU
		{BB8F97F7-B5C1-3EEF-B639-061A3F1C32BF}.Debug|Any CPU.Build.0 = Debug|Any CPU
		{BB8F97F7-B5C1-3EEF-B639-061A3F1C32BF}.Debug|x64.ActiveCfg = Debug|Any CPU
		{BB8F97F7-B5C1-3EEF-B639-061A3F1C32BF}.Debug|x64.Build.0 = Debug|Any CPU
		{BB8F97F7-B5C1-3EEF-B639-061A3F1C32BF}.Debug|x86.ActiveCfg = Debug|Any CPU
		{BB8F97F7-B5C1-3EEF-B639-061A3F1C32BF}.Debug|x86.Build.0 = Debug|Any CPU
		{BB8F97F7-B5C1-3EEF-B639-061A3F1C32BF}.Release|Any CPU.ActiveCfg = Release|Any CPU
		{BB8F97F7-B5C1-3EEF-B639-061A3F1C32BF}.Release|Any CPU.Build.0 = Release|Any CPU
		{BB8F97F7-B5C1-3EEF-B639-061A3F1C32BF}.Release|x64.ActiveCfg = Release|Any CPU
		{BB8F97F7-B5C1-3EEF-B639-061A3F1C32BF}.Release|x64.Build.0 = Release|Any CPU
		{BB8F97F7-B5C1-3EEF-B639-061A3F1C32BF}.Release|x86.ActiveCfg = Release|Any CPU
		{BB8F97F7-B5C1-3EEF-B639-061A3F1C32BF}.Release|x86.Build.0 = Release|Any CPU
		{17FDDDBE-3141-4206-99A4-AD4DED28E8A0}.Debug|Any CPU.ActiveCfg = Debug|Any CPU
		{17FDDDBE-3141-4206-99A4-AD4DED28E8A0}.Debug|Any CPU.Build.0 = Debug|Any CPU
		{17FDDDBE-3141-4206-99A4-AD4DED28E8A0}.Debug|x64.ActiveCfg = Debug|Any CPU
		{17FDDDBE-3141-4206-99A4-AD4DED28E8A0}.Debug|x64.Build.0 = Debug|Any CPU
		{17FDDDBE-3141-4206-99A4-AD4DED28E8A0}.Debug|x86.ActiveCfg = Debug|Any CPU
		{17FDDDBE-3141-4206-99A4-AD4DED28E8A0}.Debug|x86.Build.0 = Debug|Any CPU
		{17FDDDBE-3141-4206-99A4-AD4DED28E8A0}.Release|Any CPU.ActiveCfg = Release|Any CPU
		{17FDDDBE-3141-4206-99A4-AD4DED28E8A0}.Release|Any CPU.Build.0 = Release|Any CPU
		{17FDDDBE-3141-4206-99A4-AD4DED28E8A0}.Release|x64.ActiveCfg = Release|Any CPU
		{17FDDDBE-3141-4206-99A4-AD4DED28E8A0}.Release|x64.Build.0 = Release|Any CPU
		{17FDDDBE-3141-4206-99A4-AD4DED28E8A0}.Release|x86.ActiveCfg = Release|Any CPU
		{17FDDDBE-3141-4206-99A4-AD4DED28E8A0}.Release|x86.Build.0 = Release|Any CPU
	EndGlobalSection
	GlobalSection(SolutionProperties) = preSolution
		HideSolutionNode = FALSE
	EndGlobalSection
	GlobalSection(ExtensibilityGlobals) = postSolution
		SolutionGuid = {05F75303-90C7-4E85-B48E-BE8BC4889BF6}
	EndGlobalSection
EndGlobal
